
Microsoft Visual Studio Solution File, Format Version 12.00
# Visual Studio Version 17
VisualStudioVersion = 17.2.32505.173
MinimumVisualStudioVersion = 10.0.40219.1
Project("{9A19103F-16F7-4668-BE54-9A1E7A4F7556}") = "Geo.Api", "Geo.Api.csproj", "{84C7A989-CF96-4B64-A822-EEC235119728}"
EndProject
Project("{2150E333-8FDC-42A3-9474-1A3956D46DE8}") = "Documentation", "Documentation", "{D93DC07A-0F08-4C6D-95FE-AA38F52BF2E5}"
	ProjectSection(SolutionItems) = preProject
		Distance between two points-analysis.docx = Distance between two points-analysis.docx
		sina-is-a-approximation.xlsx = sina-is-a-approximation.xlsx
		task.docx = task.docx
	EndProjectSection
EndProject
Global
	GlobalSection(SolutionConfigurationPlatforms) = preSolution
		Debug|Any CPU = Debug|Any CPU
		Release|Any CPU = Release|Any CPU
	EndGlobalSection
	GlobalSection(ProjectConfigurationPlatforms) = postSolution
		{84C7A989-CF96-4B64-A822-EEC235119728}.Debug|Any CPU.ActiveCfg = Debug|Any CPU
		{84C7A989-CF96-4B64-A822-EEC235119728}.Debug|Any CPU.Build.0 = Debug|Any CPU
		{84C7A989-CF96-4B64-A822-EEC235119728}.Release|Any CPU.ActiveCfg = Release|Any CPU
		{84C7A989-CF96-4B64-A822-EEC235119728}.Release|Any CPU.Build.0 = Release|Any CPU
	EndGlobalSection
	GlobalSection(SolutionProperties) = preSolution
		HideSolutionNode = FALSE
	EndGlobalSection
	GlobalSection(ExtensibilityGlobals) = postSolution
		SolutionGuid = {DBE0EC40-E283-4759-BB0C-3772218A56A9}
	EndGlobalSection
EndGlobal
